
Microsoft Visual Studio Solution File, Format Version 12.00
# Visual Studio 2012
Project("{8BC9CEB8-8B4A-11D0-8D11-00A0C91BC942}") = "ArduinoWeatherStation", "ArduinoWeatherStation.vcxproj", "{B82BC43E-1D8D-40A7-8F54-3185F450B371}"
EndProject
Project("{8BC9CEB8-8B4A-11D0-8D11-00A0C91BC942}") = "idDHT11_Lib_example", "D:\arduino-1.0.2\libraries\idDHT11\examples\idDHT11_Lib_example\idDHT11_Lib_example.vcxproj", "{C724E4CC-608A-40E4-A6C4-910212197FE2}"
EndProject
Project("{8BC9CEB8-8B4A-11D0-8D11-00A0C91BC942}") = "Multiple", "D:\arduino-1.0.2\libraries\DallasTemperature\examples\Multiple\Multiple.vcxproj", "{9D037E43-39FC-4F5E-BA3B-29ED1E310C87}"
EndProject
Project("{8BC9CEB8-8B4A-11D0-8D11-00A0C91BC942}") = "ReadWriteSdFat", "D:\arduino-1.0.2\libraries\SdFat\examples\ReadWriteSdFat\ReadWriteSdFat.vcxproj", "{902FF0FF-26F3-42B5-BDC1-1AFCCD3C0F33}"
EndProject
Project("{8BC9CEB8-8B4A-11D0-8D11-00A0C91BC942}") = "relayGpsData", "..\..\..\Arduino\relayGpsData\relayGpsData.vcxproj", "{A85F81F4-CF61-4112-8C69-96669EF9B6A1}"
EndProject
Global
	GlobalSection(SolutionConfigurationPlatforms) = preSolution
		Debug|Win32 = Debug|Win32
		Release|Win32 = Release|Win32
	EndGlobalSection
	GlobalSection(ProjectConfigurationPlatforms) = postSolution
		{B82BC43E-1D8D-40A7-8F54-3185F450B371}.Debug|Win32.ActiveCfg = Debug|Win32
		{B82BC43E-1D8D-40A7-8F54-3185F450B371}.Debug|Win32.Build.0 = Debug|Win32
		{B82BC43E-1D8D-40A7-8F54-3185F450B371}.Release|Win32.ActiveCfg = Release|Win32
		{B82BC43E-1D8D-40A7-8F54-3185F450B371}.Release|Win32.Build.0 = Release|Win32
		{C724E4CC-608A-40E4-A6C4-910212197FE2}.Debug|Win32.ActiveCfg = Debug|Win32
		{C724E4CC-608A-40E4-A6C4-910212197FE2}.Debug|Win32.Build.0 = Debug|Win32
		{C724E4CC-608A-40E4-A6C4-910212197FE2}.Release|Win32.ActiveCfg = Release|Win32
		{C724E4CC-608A-40E4-A6C4-910212197FE2}.Release|Win32.Build.0 = Release|Win32
		{9D037E43-39FC-4F5E-BA3B-29ED1E310C87}.Debug|Win32.ActiveCfg = Debug|Win32
		{9D037E43-39FC-4F5E-BA3B-29ED1E310C87}.Debug|Win32.Build.0 = Debug|Win32
		{9D037E43-39FC-4F5E-BA3B-29ED1E310C87}.Release|Win32.ActiveCfg = Release|Win32
		{9D037E43-39FC-4F5E-BA3B-29ED1E310C87}.Release|Win32.Build.0 = Release|Win32
		{902FF0FF-26F3-42B5-BDC1-1AFCCD3C0F33}.Debug|Win32.ActiveCfg = Debug|Win32
		{902FF0FF-26F3-42B5-BDC1-1AFCCD3C0F33}.Debug|Win32.Build.0 = Debug|Win32
		{902FF0FF-26F3-42B5-BDC1-1AFCCD3C0F33}.Release|Win32.ActiveCfg = Release|Win32
		{902FF0FF-26F3-42B5-BDC1-1AFCCD3C0F33}.Release|Win32.Build.0 = Release|Win32
		{A85F81F4-CF61-4112-8C69-96669EF9B6A1}.Debug|Win32.ActiveCfg = Debug|Win32
		{A85F81F4-CF61-4112-8C69-96669EF9B6A1}.Debug|Win32.Build.0 = Debug|Win32
		{A85F81F4-CF61-4112-8C69-96669EF9B6A1}.Release|Win32.ActiveCfg = Release|Win32
		{A85F81F4-CF61-4112-8C69-96669EF9B6A1}.Release|Win32.Build.0 = Release|Win32
	EndGlobalSection
	GlobalSection(SolutionProperties) = preSolution
		HideSolutionNode = FALSE
	EndGlobalSection
EndGlobal
